{
  "name": "morningsausage",
  "version": "0.1.0",
  "lockfileVersion": 2,
  "requires": true,
  "packages": {
    "": {
      "name": "morningsausage",
      "version": "0.1.0",
      "license": "MIT",
      "dependencies": {
        "systeminformation": "^5.11.1",
        "waffle-manager": "^0.1.0",
        "yeelight-node": "^1.1.5"
      }
    },
    "node_modules/@yimura/import-dir": {
      "version": "0.1.12",
      "resolved": "https://registry.npmjs.org/@yimura/import-dir/-/import-dir-0.1.12.tgz",
      "integrity": "sha512-vax+5R2bF75jOHulMsC2WKbhEKCMbcCzpMQhjN69ADed6V83OmaqiDXOK3bqlZUeQNO1apJOtfSxN9WNIutvDQ=="
    },
    "node_modules/systeminformation": {
      "version": "5.11.1",
      "resolved": "https://registry.npmjs.org/systeminformation/-/systeminformation-5.11.1.tgz",
      "integrity": "sha512-E8ZGcnW4Pj4boATSdajw0neHh1B+f+3IqL2iAcT9t1DMgc8mdI0NRT04XPrL6oxrpvMzk0A/bSHT9eKd05tQag==",
      "os": [
        "darwin",
        "linux",
        "win32",
        "freebsd",
        "openbsd",
        "netbsd",
        "sunos",
        "android"
      ],
      "bin": {
        "systeminformation": "lib/cli.js"
      },
      "engines": {
        "node": ">=8.0.0"
      },
      "funding": {
        "type": "Buy me a coffee",
        "url": "https://www.buymeacoffee.com/systeminfo"
      }
    },
    "node_modules/waffle-manager": {
      "version": "0.1.0",
      "resolved": "https://registry.npmjs.org/waffle-manager/-/waffle-manager-0.1.0.tgz",
      "integrity": "sha512-R7XQw4R7x4y+2F/fmnntH8NO7qayL34aIf6k2cw/COi1IAgwRnC032QkBvNZry92OBCl857fXhV4S2h1KAGSHA==",
      "dependencies": {
        "@yimura/import-dir": "^0.1.12"
      }
    },
    "node_modules/yeelight-node": {
      "version": "1.1.5",
      "resolved": "https://registry.npmjs.org/yeelight-node/-/yeelight-node-1.1.5.tgz",
      "integrity": "sha512-5bfaAJiaLAah6y8cwSaaJqovtyyC3sGmWji5ZHNwl9gIV3H9LKLq7CddlrSWuhO89H095X2mGwbfcm7Acl3CIw=="
    }
  },
  "dependencies": {
    "@yimura/import-dir": {
      "version": "0.1.12",
      "resolved": "https://registry.npmjs.org/@yimura/import-dir/-/import-dir-0.1.12.tgz",
      "integrity": "sha512-vax+5R2bF75jOHulMsC2WKbhEKCMbcCzpMQhjN69ADed6V83OmaqiDXOK3bqlZUeQNO1apJOtfSxN9WNIutvDQ=="
    },
    "systeminformation": {
      "version": "5.11.1",
      "resolved": "https://registry.npmjs.org/systeminformation/-/systeminformation-5.11.1.tgz",
      "integrity": "sha512-E8ZGcnW4Pj4boATSdajw0neHh1B+f+3IqL2iAcT9t1DMgc8mdI0NRT04XPrL6oxrpvMzk0A/bSHT9eKd05tQag=="
    },
    "waffle-manager": {
      "version": "0.1.0",
      "resolved": "https://registry.npmjs.org/waffle-manager/-/waffle-manager-0.1.0.tgz",
      "integrity": "sha512-R7XQw4R7x4y+2F/fmnntH8NO7qayL34aIf6k2cw/COi1IAgwRnC032QkBvNZry92OBCl857fXhV4S2h1KAGSHA==",
      "requires": {
        "@yimura/import-dir": "^0.1.12"
      }
    },
    "yeelight-node": {
      "version": "1.1.5",
      "resolved": "https://registry.npmjs.org/yeelight-node/-/yeelight-node-1.1.5.tgz",
      "integrity": "sha512-5bfaAJiaLAah6y8cwSaaJqovtyyC3sGmWji5ZHNwl9gIV3H9LKLq7CddlrSWuhO89H095X2mGwbfcm7Acl3CIw=="
    }
  }
}
